PODS:
  - Alamofire (5.9.0)
  - CircleProgrammableWalletSDK (1.0.16):
    - Alamofire (= 5.9.0)
    - DeviceKit (= 5.2.0)
    - IQKeyboardManagerSwift (= 7.0.1)
    - SDWebImage (= 5.18.10)
    - SnapKit (= 5.7.1)
  - DeviceKit (5.2.0)
  - IQKeyboardManagerSwift (7.0.1)
  - SDWebImage (5.18.10):
    - SDWebImage/Core (= 5.18.10)
  - SDWebImage/Core (5.18.10)
  - SnapKit (5.7.1)

DEPENDENCIES:
  - CircleProgrammableWalletSDK

SPEC REPOS:
  https://github.com/circlefin/w3s-ios-sdk.git:
    - CircleProgrammableWalletSDK
  https://github.com/CocoaPods/Specs.git:
    - Alamofire
    - DeviceKit
    - IQKeyboardManagerSwift
    - SDWebImage
    - SnapKit

SPEC CHECKSUMS:
  Alamofire: 02b772c9910e8eba1a079227c32fbd9e46c90a24
  CircleProgrammableWalletSDK: 15dad1366f847cd12ff73293ce02f823f794750a
  DeviceKit: 4167e8ffbfaff06e346f113e0142ac18fc1b16ff
  IQKeyboardManagerSwift: 7f6b1b1d1497855d2beea7f2f10ffcc6978525b1
  SDWebImage: fc8f2d48bbfd72ef39d70e981bd24a3f3be53fec
  SnapKit: d612e99e678a2d3b95bf60b0705ed0a35c03484a

PODFILE CHECKSUM: 2090fc16e03b927e124486f0affad437f57f3d41

COCOAPODS: 1.15.2
